
Microsoft Visual Studio Solution File, Format Version 12.00
# Visual Studio 15
VisualStudioVersion = 15.0.26430.13
MinimumVisualStudioVersion = 10.0.40219.1
Project("{FAE04EC0-301F-11D3-BF4B-00C04F79EFBC}") = "SampleDotNetCoreApi", "SampleDotNetCoreApi\SampleDotNetCoreApi.csproj", "{6A44EF83-A29B-4F14-86A7-2B871131472E}"
EndProject
Project("{FAE04EC0-301F-11D3-BF4B-00C04F79EFBC}") = "SampleDotNetCoreApiBusiness", "SampleDotNetCoreApiBusiness\SampleDotNetCoreApiBusiness.csproj", "{C4A470D7-EB88-4C1E-AA78-E16F1851B111}"
EndProject
Global
	GlobalSection(SolutionConfigurationPlatforms) = preSolution
		Debug|Any CPU = Debug|Any CPU
		Release|Any CPU = Release|Any CPU
	EndGlobalSection
	GlobalSection(ProjectConfigurationPlatforms) = postSolution
		{6A44EF83-A29B-4F14-86A7-2B871131472E}.Debug|Any CPU.ActiveCfg = Debug|Any CPU
		{6A44EF83-A29B-4F14-86A7-2B871131472E}.Debug|Any CPU.Build.0 = Debug|Any CPU
		{6A44EF83-A29B-4F14-86A7-2B871131472E}.Release|Any CPU.ActiveCfg = Release|Any CPU
		{6A44EF83-A29B-4F14-86A7-2B871131472E}.Release|Any CPU.Build.0 = Release|Any CPU
		{C4A470D7-EB88-4C1E-AA78-E16F1851B111}.Debug|Any CPU.ActiveCfg = Debug|Any CPU
		{C4A470D7-EB88-4C1E-AA78-E16F1851B111}.Debug|Any CPU.Build.0 = Debug|Any CPU
		{C4A470D7-EB88-4C1E-AA78-E16F1851B111}.Release|Any CPU.ActiveCfg = Release|Any CPU
		{C4A470D7-EB88-4C1E-AA78-E16F1851B111}.Release|Any CPU.Build.0 = Release|Any CPU
	EndGlobalSection
	GlobalSection(SolutionProperties) = preSolution
		HideSolutionNode = FALSE
	EndGlobalSection
EndGlobal
